<?xml version="1.0" encoding="UTF-8"?>
<CONFIG>
  <ProjectOptions>
    <Version Value="10"/>
    <PathDelim Value="\"/>
    <General>
      <Flags>
        <LRSInOutputDirectory Value="False"/>
      </Flags>
      <MainUnit Value="0"/>
      <Title Value="TpX"/>
    </General>
    <BuildModes Count="1">
      <Item1 Name="default" Default="True"/>
    </BuildModes>
    <PublishOptions>
      <Version Value="2"/>
      <DestinationDirectory Value="C:\WRK\Delphi\TpX\LazDistr\"/>
      <IgnoreBinaries Value="False"/>
      <IncludeFileFilter Value="*.(pas|pp|inc|lfm|lpr|lrs|lpi|lpk|sh|xml)"/>
      <ExcludeFileFilter Value="*.(bak|ppu|ppw|o|so);*~;backup"/>
    </PublishOptions>
    <RunParams>
      <local>
        <FormatVersion Value="1"/>
        <CommandLineParams Value="C:\WRK\Delphi\TpX\Drawings\-.TpX"/>
        <LaunchingApplication PathPlusParams="\usr\X11R6\bin\xterm -T 'Lazarus Run Output' -e $(LazarusDir)\tools\runwait.sh $(TargetCmdLine)"/>
      </local>
    </RunParams>
    <RequiredPackages Count="1">
      <Item1>
        <PackageName Value="LCL"/>
      </Item1>
    </RequiredPackages>
    <Units Count="130">
      <Unit0>
        <Filename Value="TpX.lpr"/>
        <IsPartOfProject Value="True"/>
        <EditorIndex Value="1"/>
        <CursorPos Y="33"/>
        <UsageCount Value="167"/>
        <Loaded Value="True"/>
        <DefaultSyntaxHighlighter Value="Delphi"/>
      </Unit0>
      <Unit1>
        <Filename Value="MainUnit.pas"/>
        <IsPartOfProject Value="True"/>
        <ComponentName Value="MainForm"/>
        <HasResources Value="True"/>
        <ResourceBaseClass Value="Form"/>
        <CursorPos X="3" Y="28"/>
        <UsageCount Value="167"/>
        <Loaded Value="True"/>
        <DefaultSyntaxHighlighter Value="Delphi"/>
      </Unit1>
      <Unit2>
        <Filename Value="Output.pas"/>
        <IsPartOfProject Value="True"/>
        <EditorIndex Value="-1"/>
        <TopLine Value="219"/>
        <CursorPos X="24" Y="234"/>
        <UsageCount Value="167"/>
        <DefaultSyntaxHighlighter Value="Delphi"/>
      </Unit2>
      <Unit3>
        <Filename Value="EMF.pas"/>
        <TopLine Value="1076"/>
        <CursorPos X="35" Y="1081"/>
        <UsageCount Value="146"/>
      </Unit3>
      <Unit4>
        <Filename Value="EMF_Add.pas"/>
        <IsPartOfProject Value="True"/>
        <UsageCount Value="167"/>
      </Unit4>
      <Unit5>
        <Filename Value="Propert.pas"/>
        <IsPartOfProject Value="True"/>
        <ComponentName Value="PropertiesForm"/>
        <HasResources Value="True"/>
        <EditorIndex Value="-1"/>
        <CursorPos X="6" Y="9"/>
        <UsageCount Value="138"/>
        <DefaultSyntaxHighlighter Value="Delphi"/>
      </Unit5>
      <Unit6>
        <Filename Value="Settings.pas"/>
        <ComponentName Value="SettingsForm"/>
        <HasResources Value="True"/>
        <TopLine Value="2"/>
        <CursorPos X="22" Y="8"/>
        <UsageCount Value="15"/>
      </Unit6>
      <Unit7>
        <Filename Value="Options0.pas"/>
        <IsPartOfProject Value="True"/>
        <IsVisibleTab Value="True"/>
        <EditorIndex Value="4"/>
        <TopLine Value="393"/>
        <CursorPos X="13" Y="418"/>
        <UsageCount Value="167"/>
        <Loaded Value="True"/>
        <DefaultSyntaxHighlighter Value="Delphi"/>
      </Unit7>
      <Unit8>
        <Filename Value="CS4Shapes.pas"/>
        <TopLine Value="5321"/>
        <CursorPos Y="5340"/>
        <UsageCount Value="83"/>
      </Unit8>
      <Unit9>
        <Filename Value="CS4Tasks.pas"/>
        <UsageCount Value="83"/>
      </Unit9>
      <Unit10>
        <Filename Value="CADSys4.pas"/>
        <TopLine Value="11663"/>
        <CursorPos X="6" Y="11685"/>
        <UsageCount Value="83"/>
      </Unit10>
      <Unit11>
        <Filename Value="Options.pas"/>
        <IsPartOfProject Value="True"/>
        <ComponentName Value="OptionsForm"/>
        <HasResources Value="True"/>
        <TopLine Value="138"/>
        <CursorPos X="48" Y="45"/>
        <UsageCount Value="134"/>
      </Unit11>
      <Unit12>
        <Filename Value="AboutUnit.pas"/>
        <IsPartOfProject Value="True"/>
        <ComponentName Value="AboutForm"/>
        <HasResources Value="True"/>
        <ResourceBaseClass Value="Form"/>
        <EditorIndex Value="-1"/>
        <CursorPos X="7" Y="60"/>
        <UsageCount Value="167"/>
        <DefaultSyntaxHighlighter Value="Delphi"/>
      </Unit12>
      <Unit13>
        <Filename Value="TransForm.pas"/>
        <IsPartOfProject Value="True"/>
        <ComponentName Value="TransfForm"/>
        <HasResources Value="True"/>
        <TopLine Value="45"/>
        <CursorPos X="2" Y="58"/>
        <UsageCount Value="167"/>
      </Unit13>
      <Unit14>
        <Filename Value="ColorEtc.pas"/>
        <IsPartOfProject Value="True"/>
        <EditorIndex Value="-1"/>
        <CursorPos X="61" Y="9"/>
        <UsageCount Value="167"/>
        <DefaultSyntaxHighlighter Value="Delphi"/>
      </Unit14>
      <Unit15>
        <Filename Value="Preview.pas"/>
        <IsPartOfProject Value="True"/>
        <UnitName Value="PreView"/>
        <EditorIndex Value="-1"/>
        <TopLine Value="17"/>
        <CursorPos X="14" Y="43"/>
        <UsageCount Value="167"/>
        <DefaultSyntaxHighlighter Value="Delphi"/>
      </Unit15>
      <Unit16>
        <Filename Value="Lib\PowerPdf\PdfFonts.pas"/>
        <TopLine Value="544"/>
        <CursorPos X="65" Y="564"/>
        <UsageCount Value="17"/>
      </Unit16>
      <Unit17>
        <Filename Value="Stars.pas"/>
        <HasResources Value="True"/>
        <CursorPos X="15" Y="3"/>
        <UsageCount Value="85"/>
      </Unit17>
      <Unit18>
        <Filename Value="Table.pas"/>
        <IsPartOfProject Value="True"/>
        <ComponentName Value="TableForm"/>
        <HasResources Value="True"/>
        <TopLine Value="246"/>
        <CursorPos X="26" Y="257"/>
        <UsageCount Value="167"/>
      </Unit18>
      <Unit19>
        <Filename Value="EMF_Unit.pas"/>
        <ComponentName Value="EMF_Form"/>
        <HasResources Value="True"/>
        <TopLine Value="42"/>
        <CursorPos X="19" Y="55"/>
        <UsageCount Value="16"/>
      </Unit19>
      <Unit20>
        <Filename Value="Geometry.pas"/>
        <IsPartOfProject Value="True"/>
        <EditorIndex Value="-1"/>
        <TopLine Value="3717"/>
        <CursorPos X="10" Y="3738"/>
        <UsageCount Value="167"/>
        <DefaultSyntaxHighlighter Value="Delphi"/>
      </Unit20>
      <Unit21>
        <Filename Value="PrintEpsOpt.pas"/>
        <ComponentName Value="PrintEpsOptForm"/>
        <HasResources Value="True"/>
        <CursorPos X="12" Y="13"/>
        <UsageCount Value="17"/>
      </Unit21>
      <Unit22>
        <Filename Value="ScaleStandardUnit.pas"/>
        <IsPartOfProject Value="True"/>
        <ComponentName Value="ScaleStandardForm"/>
        <HasResources Value="True"/>
        <TopLine Value="46"/>
        <CursorPos X="47" Y="57"/>
        <UsageCount Value="167"/>
      </Unit22>
      <Unit23>
        <Filename Value="Draw.pas"/>
        <CursorPos X="31" Y="4"/>
        <UsageCount Value="146"/>
      </Unit23>
      <Unit24>
        <Filename Value="Arrows.pas"/>
        <HasResources Value="True"/>
        <CursorPos X="15" Y="3"/>
        <UsageCount Value="85"/>
      </Unit24>
      <Unit25>
        <Filename Value="Input.pas"/>
        <IsPartOfProject Value="True"/>
        <TopLine Value="131"/>
        <CursorPos X="29" Y="151"/>
        <UsageCount Value="167"/>
      </Unit25>
      <Unit26>
        <Filename Value="ClpbrdOp.pas"/>
        <IsPartOfProject Value="True"/>
        <TopLine Value="126"/>
        <CursorPos X="15" Y="139"/>
        <UsageCount Value="167"/>
      </Unit26>
      <Unit27>
        <Filename Value="WinBasic.pas"/>
        <CursorPos X="17" Y="3"/>
        <UsageCount Value="15"/>
      </Unit27>
      <Unit28>
        <Filename Value="SysBasic.pas"/>
        <IsPartOfProject Value="True"/>
        <EditorIndex Value="-1"/>
        <TopLine Value="140"/>
        <CursorPos Y="153"/>
        <UsageCount Value="167"/>
        <DefaultSyntaxHighlighter Value="Delphi"/>
      </Unit28>
      <Unit29>
        <Filename Value="Gr32Add.pas"/>
        <TopLine Value="5"/>
        <CursorPos X="46" Y="18"/>
        <UsageCount Value="19"/>
      </Unit29>
      <Unit30>
        <Filename Value="MiscUtils.pas"/>
        <IsPartOfProject Value="True"/>
        <TopLine Value="37"/>
        <CursorPos Y="21"/>
        <UsageCount Value="167"/>
      </Unit30>
      <Unit31>
        <Filename Value="PrimSAX.pas"/>
        <IsPartOfProject Value="True"/>
        <TopLine Value="52"/>
        <CursorPos X="42" Y="14"/>
        <UsageCount Value="167"/>
      </Unit31>
      <Unit32>
        <Filename Value="Lib\md5\md5.pas"/>
        <EditorIndex Value="-1"/>
        <TopLine Value="37"/>
        <CursorPos X="19" Y="62"/>
        <UsageCount Value="10"/>
        <DefaultSyntaxHighlighter Value="Delphi"/>
      </Unit32>
      <Unit33>
        <Filename Value="LazBasic.pas"/>
        <IsPartOfProject Value="True"/>
        <TopLine Value="170"/>
        <CursorPos X="33" Y="207"/>
        <UsageCount Value="165"/>
      </Unit33>
      <Unit34>
        <Filename Value="Lib\XML\XUtils.pas"/>
        <EditorIndex Value="-1"/>
        <TopLine Value="355"/>
        <CursorPos X="3" Y="393"/>
        <UsageCount Value="10"/>
        <DefaultSyntaxHighlighter Value="Delphi"/>
      </Unit34>
      <Unit35>
        <Filename Value="Lib\XML\XXmlDom.pas"/>
        <TopLine Value="944"/>
        <CursorPos X="35" Y="944"/>
        <UsageCount Value="10"/>
      </Unit35>
      <Unit36>
        <Filename Value="struct.inc"/>
        <TopLine Value="91"/>
        <CursorPos Y="108"/>
        <UsageCount Value="10"/>
      </Unit36>
      <Unit37>
        <Filename Value="Lib\PowerPdf\PdfTypes.pas"/>
        <TopLine Value="1067"/>
        <CursorPos X="25" Y="1080"/>
        <UsageCount Value="8"/>
      </Unit37>
      <Unit38>
        <Filename Value="Lib\Graphics32\GR32.inc"/>
        <TopLine Value="36"/>
        <CursorPos X="84" Y="49"/>
        <UsageCount Value="8"/>
      </Unit38>
      <Unit39>
        <Filename Value="Lib\Graphics32\GR32.pas"/>
        <TopLine Value="357"/>
        <CursorPos X="39" Y="370"/>
        <UsageCount Value="8"/>
      </Unit39>
      <Unit40>
        <Filename Value="Lib\Graphics32\GR32_System.pas"/>
        <TopLine Value="385"/>
        <CursorPos Y="410"/>
        <UsageCount Value="8"/>
      </Unit40>
      <Unit41>
        <Filename Value="Lib\Graphics32\GR32_Blend.pas"/>
        <TopLine Value="486"/>
        <CursorPos X="23" Y="506"/>
        <UsageCount Value="8"/>
      </Unit41>
      <Unit42>
        <Filename Value="Lib\Graphics32\GR32_LowLevel.pas"/>
        <TopLine Value="134"/>
        <CursorPos Y="156"/>
        <UsageCount Value="8"/>
      </Unit42>
      <Unit43>
        <Filename Value="Lib\Graphics32\GR32_Transforms.pas"/>
        <TopLine Value="400"/>
        <CursorPos X="40" Y="412"/>
        <UsageCount Value="8"/>
      </Unit43>
      <Unit44>
        <Filename Value="EMF_Unit.lfm"/>
        <CursorPos X="40" Y="7"/>
        <SyntaxHighlighter Value="LFM"/>
        <UsageCount Value="4"/>
      </Unit44>
      <Unit45>
        <Filename Value="Settings0.pas"/>
        <IsPartOfProject Value="True"/>
        <TopLine Value="27"/>
        <CursorPos Y="27"/>
        <UsageCount Value="134"/>
      </Unit45>
      <Unit46>
        <Filename Value="..\..\..\..\P\lazarus\lcl\include\lclintf.inc"/>
        <TopLine Value="80"/>
        <CursorPos X="12" Y="90"/>
        <UsageCount Value="10"/>
      </Unit46>
      <Unit47>
        <Filename Value="..\..\..\..\P\lazarus\lcl\include\application.inc"/>
        <TopLine Value="1528"/>
        <CursorPos Y="1541"/>
        <UsageCount Value="8"/>
      </Unit47>
      <Unit48>
        <Filename Value="..\..\..\..\P\lazarus\lcl\include\winapi.inc"/>
        <TopLine Value="234"/>
        <CursorPos X="36" Y="275"/>
        <UsageCount Value="8"/>
      </Unit48>
      <Unit49>
        <Filename Value="..\..\..\..\P\lazarus\lcl\interfaces\win32\win32wscontrols.pp"/>
        <UnitName Value="Win32WSControls"/>
        <TopLine Value="249"/>
        <CursorPos X="14" Y="265"/>
        <UsageCount Value="8"/>
      </Unit49>
      <Unit50>
        <Filename Value="Lib\XML\XXml.pas"/>
        <TopLine Value="716"/>
        <CursorPos X="21" Y="725"/>
        <UsageCount Value="10"/>
      </Unit50>
      <Unit51>
        <Filename Value="Lib\PowerPdf\PdfDoc.pas"/>
        <CursorPos X="5"/>
        <UsageCount Value="11"/>
      </Unit51>
      <Unit52>
        <Filename Value="..\..\..\..\P\lazarus\components\printers\printer4lazarus.pas"/>
        <UnitName Value="Printer4Lazarus"/>
        <UsageCount Value="10"/>
      </Unit52>
      <Unit53>
        <Filename Value="..\..\..\..\P\lazarus\fpcsrc\rtl\objpas\classes\classesh.inc"/>
        <TopLine Value="74"/>
        <CursorPos X="30" Y="81"/>
        <UsageCount Value="10"/>
      </Unit53>
      <Unit54>
        <Filename Value="..\..\..\..\P\lazarus\lcl\controls.pp"/>
        <UnitName Value="Controls"/>
        <TopLine Value="71"/>
        <CursorPos X="3" Y="81"/>
        <UsageCount Value="3"/>
      </Unit54>
      <Unit55>
        <Filename Value="..\..\..\..\P\lazarus\lcl\lresources.pp"/>
        <UnitName Value="LResources"/>
        <TopLine Value="2358"/>
        <CursorPos X="79" Y="2370"/>
        <UsageCount Value="9"/>
      </Unit55>
      <Unit56>
        <Filename Value="..\..\..\..\P\lazarus\lcl\include\bitmap.inc"/>
        <TopLine Value="142"/>
        <CursorPos Y="155"/>
        <UsageCount Value="3"/>
      </Unit56>
      <Unit57>
        <Filename Value="..\..\..\..\P\lazarus\lcl\stdctrls.pp"/>
        <UnitName Value="StdCtrls"/>
        <TopLine Value="44"/>
        <CursorPos X="8" Y="53"/>
        <UsageCount Value="3"/>
      </Unit57>
      <Unit58>
        <Filename Value="..\..\..\..\P\lazarus\lcl\comctrls.pp"/>
        <UnitName Value="ComCtrls"/>
        <TopLine Value="230"/>
        <CursorPos X="82" Y="243"/>
        <UsageCount Value="10"/>
      </Unit58>
      <Unit59>
        <Filename Value="..\..\..\..\P\lazarus\lcl\include\wincontrol.inc"/>
        <TopLine Value="4662"/>
        <CursorPos Y="4675"/>
        <UsageCount Value="3"/>
      </Unit59>
      <Unit60>
        <Filename Value="..\..\..\..\P\lazarus\lcl\include\canvas.inc"/>
        <TopLine Value="1107"/>
        <CursorPos X="31" Y="1288"/>
        <UsageCount Value="4"/>
      </Unit60>
      <Unit61>
        <Filename Value="..\..\..\..\P\lazarus\lcl\include\customcontrol.inc"/>
        <TopLine Value="96"/>
        <CursorPos Y="109"/>
        <UsageCount Value="3"/>
      </Unit61>
      <Unit62>
        <Filename Value="..\..\..\..\P\lazarus\lcl\include\control.inc"/>
        <TopLine Value="2228"/>
        <CursorPos Y="2241"/>
        <UsageCount Value="9"/>
      </Unit62>
      <Unit63>
        <Filename Value="..\..\..\..\P\lazarus\lcl\graphics.pp"/>
        <UnitName Value="Graphics"/>
        <TopLine Value="977"/>
        <CursorPos X="17" Y="990"/>
        <UsageCount Value="10"/>
      </Unit63>
      <Unit64>
        <Filename Value="..\..\..\..\P\lazarus\fpcsrc\rtl\win32\wininc\messages.inc"/>
        <TopLine Value="1197"/>
        <CursorPos X="15" Y="1210"/>
        <UsageCount Value="3"/>
      </Unit64>
      <Unit65>
        <Filename Value="ViewPort.pas"/>
        <IsPartOfProject Value="True"/>
        <EditorIndex Value="-1"/>
        <TopLine Value="222"/>
        <CursorPos X="41" Y="248"/>
        <UsageCount Value="99"/>
        <DefaultSyntaxHighlighter Value="Delphi"/>
      </Unit65>
      <Unit66>
        <Filename Value="Drawings.pas"/>
        <IsPartOfProject Value="True"/>
        <EditorIndex Value="2"/>
        <TopLine Value="2579"/>
        <CursorPos X="40" Y="2604"/>
        <UsageCount Value="99"/>
        <Loaded Value="True"/>
        <DefaultSyntaxHighlighter Value="Delphi"/>
      </Unit66>
      <Unit67>
        <Filename Value="GObjects.pas"/>
        <IsPartOfProject Value="True"/>
        <EditorIndex Value="-1"/>
        <CursorPos X="4" Y="9"/>
        <UsageCount Value="99"/>
        <DefaultSyntaxHighlighter Value="Delphi"/>
      </Unit67>
      <Unit68>
        <Filename Value="Manage.pas"/>
        <IsPartOfProject Value="True"/>
        <TopLine Value="251"/>
        <CursorPos X="28" Y="261"/>
        <UsageCount Value="99"/>
      </Unit68>
      <Unit69>
        <Filename Value="Modes.pas"/>
        <IsPartOfProject Value="True"/>
        <EditorIndex Value="-1"/>
        <TopLine Value="546"/>
        <CursorPos X="5" Y="571"/>
        <UsageCount Value="99"/>
        <DefaultSyntaxHighlighter Value="Delphi"/>
      </Unit69>
      <Unit70>
        <Filename Value="..\..\..\..\P\lazarus\lcl\include\brush.inc"/>
        <TopLine Value="76"/>
        <CursorPos X="25" Y="84"/>
        <UsageCount Value="4"/>
      </Unit70>
      <Unit71>
        <Filename Value="Arrows.pas-"/>
        <SyntaxHighlighter Value="Text"/>
        <UsageCount Value="14"/>
      </Unit71>
      <Unit72>
        <Filename Value="CADSys4.pas-"/>
        <SyntaxHighlighter Value="Text"/>
        <UsageCount Value="14"/>
      </Unit72>
      <Unit73>
        <Filename Value="CS4Shapes.pas-"/>
        <SyntaxHighlighter Value="Text"/>
        <UsageCount Value="14"/>
      </Unit73>
      <Unit74>
        <Filename Value="CS4Tasks.pas-"/>
        <SyntaxHighlighter Value="Text"/>
        <UsageCount Value="14"/>
      </Unit74>
      <Unit75>
        <Filename Value="Devices.pas"/>
        <IsPartOfProject Value="True"/>
        <TopLine Value="15"/>
        <CursorPos X="19" Y="15"/>
        <UsageCount Value="96"/>
      </Unit75>
      <Unit76>
        <Filename Value="DevSVG.pas"/>
        <IsPartOfProject Value="True"/>
        <SyntaxHighlighter Value="Text"/>
        <UsageCount Value="96"/>
      </Unit76>
      <Unit77>
        <Filename Value="DevTikZ.pas"/>
        <IsPartOfProject Value="True"/>
        <SyntaxHighlighter Value="Text"/>
        <UsageCount Value="96"/>
      </Unit77>
      <Unit78>
        <Filename Value="MainUnit-old.pas-"/>
        <SyntaxHighlighter Value="Text"/>
        <UsageCount Value="14"/>
      </Unit78>
      <Unit79>
        <Filename Value="Numeric.pas"/>
        <IsPartOfProject Value="True"/>
        <SyntaxHighlighter Value="Text"/>
        <UsageCount Value="96"/>
      </Unit79>
      <Unit80>
        <Filename Value="Pieces.pas"/>
        <IsPartOfProject Value="True"/>
        <TopLine Value="152"/>
        <CursorPos Y="165"/>
        <UsageCount Value="96"/>
      </Unit80>
      <Unit81>
        <Filename Value="Settings.pas-"/>
        <SyntaxHighlighter Value="Text"/>
        <UsageCount Value="14"/>
      </Unit81>
      <Unit82>
        <Filename Value="Stars.pas-"/>
        <SyntaxHighlighter Value="Text"/>
        <UsageCount Value="14"/>
      </Unit82>
      <Unit83>
        <Filename Value="WinBasic.pas-"/>
        <SyntaxHighlighter Value="Text"/>
        <UsageCount Value="14"/>
      </Unit83>
      <Unit84>
        <Filename Value="XmlOut.pas"/>
        <IsPartOfProject Value="True"/>
        <SyntaxHighlighter Value="Text"/>
        <UsageCount Value="96"/>
      </Unit84>
      <Unit85>
        <Filename Value="PrintEpsOpt.lfm"/>
        <SyntaxHighlighter Value="LFM"/>
        <UsageCount Value="4"/>
      </Unit85>
      <Unit86>
        <Filename Value="..\..\..\..\P\lazarus\lcl\interfaces\win32\win32callback.inc"/>
        <TopLine Value="141"/>
        <CursorPos Y="154"/>
        <UsageCount Value="7"/>
      </Unit86>
      <Unit87>
        <Filename Value="..\..\..\..\P\lazarus\lcl\clipbrd.pp"/>
        <UnitName Value="Clipbrd"/>
        <TopLine Value="197"/>
        <CursorPos X="23" Y="207"/>
        <UsageCount Value="8"/>
      </Unit87>
      <Unit88>
        <Filename Value="..\..\..\..\P\lazarus\lcl\include\clipbrd.inc"/>
        <TopLine Value="169"/>
        <CursorPos X="14" Y="182"/>
        <UsageCount Value="8"/>
      </Unit88>
      <Unit89>
        <Filename Value="..\..\..\..\P\lazarus\lcl\include\lclintfh.inc"/>
        <TopLine Value="42"/>
        <CursorPos Y="55"/>
        <UsageCount Value="6"/>
      </Unit89>
      <Unit90>
        <Filename Value="..\..\..\..\P\lazarus\fpcsrc\rtl\objpas\sysutils\osutilsh.inc"/>
        <CursorPos X="18" Y="27"/>
        <UsageCount Value="7"/>
      </Unit90>
      <Unit91>
        <Filename Value="..\..\..\..\P\lazarus\fpcsrc\rtl\objpas\sysutils\diskh.inc"/>
        <CursorPos X="10" Y="19"/>
        <UsageCount Value="7"/>
      </Unit91>
      <Unit92>
        <Filename Value="..\..\..\..\P\lazarus\lcl\include\pagecontrol.inc"/>
        <TopLine Value="38"/>
        <CursorPos Y="53"/>
        <UsageCount Value="10"/>
      </Unit92>
      <Unit93>
        <Filename Value="..\..\..\..\P\lazarus\fpcsrc\rtl\objpas\types.pp"/>
        <TopLine Value="69"/>
        <CursorPos X="3" Y="82"/>
        <UsageCount Value="9"/>
      </Unit93>
      <Unit94>
        <Filename Value="..\..\..\..\P\lazarus\fpcsrc\fcl\image\fpcanvas.pp"/>
        <UnitName Value="FPCanvas"/>
        <TopLine Value="223"/>
        <CursorPos X="15" Y="236"/>
        <UsageCount Value="9"/>
      </Unit94>
      <Unit95>
        <Filename Value="..\..\..\..\P\lazarus\fpcsrc\fcl\image\fpcanvas.inc"/>
        <TopLine Value="237"/>
        <CursorPos X="10" Y="298"/>
        <UsageCount Value="10"/>
      </Unit95>
      <Unit96>
        <Filename Value="MainUnit.lfm"/>
        <TopLine Value="1630"/>
        <CursorPos X="20" Y="1643"/>
        <SyntaxHighlighter Value="LFM"/>
        <UsageCount Value="10"/>
      </Unit96>
      <Unit97>
        <Filename Value="Table.lfm"/>
        <TopLine Value="12"/>
        <CursorPos X="4" Y="21"/>
        <SyntaxHighlighter Value="LFM"/>
        <UsageCount Value="9"/>
      </Unit97>
      <Unit98>
        <Filename Value="ScaleStandardUnit.lfm"/>
        <CursorPos X="14" Y="19"/>
        <SyntaxHighlighter Value="LFM"/>
        <UsageCount Value="9"/>
      </Unit98>
      <Unit99>
        <Filename Value="..\..\..\..\P\lazarus\lcl\grids.pas"/>
        <UnitName Value="Grids"/>
        <TopLine Value="6286"/>
        <CursorPos Y="6299"/>
        <UsageCount Value="17"/>
      </Unit99>
      <Unit100>
        <Filename Value="..\..\..\..\P\lazarus\lcl\include\popupmenu.inc"/>
        <TopLine Value="15"/>
        <CursorPos Y="28"/>
        <UsageCount Value="9"/>
      </Unit100>
      <Unit101>
        <Filename Value="DevCanvas.pas"/>
        <IsPartOfProject Value="True"/>
        <EditorIndex Value="-1"/>
        <UsageCount Value="41"/>
        <DefaultSyntaxHighlighter Value="Delphi"/>
      </Unit101>
      <Unit102>
        <Filename Value="DevGr32.pas"/>
        <CursorPos X="8" Y="4"/>
        <UsageCount Value="19"/>
      </Unit102>
      <Unit103>
        <Filename Value="DevMP.pas"/>
        <IsPartOfProject Value="True"/>
        <SyntaxHighlighter Value="Text"/>
        <UsageCount Value="41"/>
      </Unit103>
      <Unit104>
        <Filename Value="DevPDF.pas"/>
        <IsPartOfProject Value="True"/>
        <SyntaxHighlighter Value="Text"/>
        <UsageCount Value="41"/>
      </Unit104>
      <Unit105>
        <Filename Value="DevPGF.pas"/>
        <IsPartOfProject Value="True"/>
        <SyntaxHighlighter Value="Text"/>
        <UsageCount Value="41"/>
      </Unit105>
      <Unit106>
        <Filename Value="DevPS.pas"/>
        <IsPartOfProject Value="True"/>
        <SyntaxHighlighter Value="Text"/>
        <UsageCount Value="41"/>
      </Unit106>
      <Unit107>
        <Filename Value="DevPSTr.pas"/>
        <IsPartOfProject Value="True"/>
        <SyntaxHighlighter Value="Text"/>
        <UsageCount Value="41"/>
      </Unit107>
      <Unit108>
        <Filename Value="DevTeXPc.pas"/>
        <IsPartOfProject Value="True"/>
        <SyntaxHighlighter Value="Text"/>
        <UsageCount Value="41"/>
      </Unit108>
      <Unit109>
        <Filename Value="Modify.pas"/>
        <IsPartOfProject Value="True"/>
        <UsageCount Value="41"/>
      </Unit109>
      <Unit110>
        <Filename Value="MprtEMF.pas"/>
        <IsPartOfProject Value="True"/>
        <SyntaxHighlighter Value="Text"/>
        <UsageCount Value="41"/>
      </Unit110>
      <Unit111>
        <Filename Value="MprtSVG.pas"/>
        <IsPartOfProject Value="True"/>
        <EditorIndex Value="-1"/>
        <TopLine Value="1094"/>
        <CursorPos X="66" Y="1115"/>
        <UsageCount Value="41"/>
        <DefaultSyntaxHighlighter Value="Delphi"/>
      </Unit111>
      <Unit112>
        <Filename Value="TpXSaver.pas"/>
        <IsPartOfProject Value="True"/>
        <TopLine Value="444"/>
        <CursorPos X="70" Y="449"/>
        <UsageCount Value="41"/>
      </Unit112>
      <Unit113>
        <Filename Value="..\..\..\..\P\lazarus\fpcsrc\rtl\objpas\sysutils\sysstrh.inc"/>
        <TopLine Value="101"/>
        <CursorPos X="18" Y="113"/>
        <UsageCount Value="10"/>
      </Unit113>
      <Unit114>
        <Filename Value="..\..\..\..\P\lazarus\lcl\include\customupdown.inc"/>
        <TopLine Value="421"/>
        <CursorPos X="6" Y="435"/>
        <UsageCount Value="10"/>
      </Unit114>
      <Unit115>
        <Filename Value="..\..\..\..\P\lazarus\lcl\dynamicarray.pas"/>
        <UnitName Value="DynamicArray"/>
        <TopLine Value="56"/>
        <CursorPos Y="69"/>
        <UsageCount Value="10"/>
      </Unit115>
      <Unit116>
        <Filename Value="..\..\..\..\P\lazarus\examples\notebk.pp"/>
        <UnitName Value="NoteBk"/>
        <UsageCount Value="10"/>
      </Unit116>
      <Unit117>
        <Filename Value="..\..\..\..\P\lazarus\lcl\interfaces\gtk\gtkdefines.inc"/>
        <TopLine Value="73"/>
        <CursorPos X="6" Y="93"/>
        <UsageCount Value="10"/>
      </Unit117>
      <Unit118>
        <Filename Value="TpXHelp.pas"/>
        <ComponentName Value="HelpForm"/>
        <TopLine Value="5"/>
        <CursorPos X="57" Y="13"/>
        <UsageCount Value="21"/>
      </Unit118>
      <Unit119>
        <Filename Value="..\LazDistr\TpX.lpr"/>
        <UsageCount Value="10"/>
      </Unit119>
      <Unit120>
        <Filename Value="..\..\..\..\..\usr\lib\lazarus\1.8.2\ide\lazarus.pp"/>
        <UnitName Value="Lazarus"/>
        <EditorIndex Value="-1"/>
        <CursorPos X="4"/>
        <UsageCount Value="10"/>
      </Unit120>
      <Unit121>
        <Filename Value="..\..\..\..\..\usr\lib\lazarus\1.8.2\lcl\include\application.inc"/>
        <EditorIndex Value="-1"/>
        <TopLine Value="2180"/>
        <CursorPos Y="2215"/>
        <UsageCount Value="10"/>
      </Unit121>
      <Unit122>
        <Filename Value="..\..\..\..\..\usr\lib\lazarus\1.8.2\lcl\lclclasses.pp"/>
        <UnitName Value="LCLClasses"/>
        <EditorIndex Value="-1"/>
        <TopLine Value="110"/>
        <CursorPos Y="139"/>
        <UsageCount Value="10"/>
      </Unit122>
      <Unit123>
        <Filename Value="..\..\..\..\..\usr\lib\lazarus\1.8.2\lcl\include\customform.inc"/>
        <EditorIndex Value="-1"/>
        <TopLine Value="3144"/>
        <CursorPos Y="3169"/>
        <UsageCount Value="10"/>
      </Unit123>
      <Unit124>
        <Filename Value="..\..\..\..\..\usr\lib\lazarus\1.8.2\lcl\include\scrollingwincontrol.inc"/>
        <EditorIndex Value="-1"/>
        <TopLine Value="209"/>
        <CursorPos Y="236"/>
        <UsageCount Value="10"/>
      </Unit124>
      <Unit125>
        <Filename Value="..\..\..\..\..\usr\lib\lazarus\1.8.2\lcl\include\customcontrol.inc"/>
        <EditorIndex Value="-1"/>
        <TopLine Value="71"/>
        <CursorPos Y="99"/>
        <UsageCount Value="10"/>
      </Unit125>
      <Unit126>
        <Filename Value="..\..\..\..\..\usr\lib\lazarus\1.8.2\lcl\include\wincontrol.inc"/>
        <EditorIndex Value="-1"/>
        <TopLine Value="6222"/>
        <CursorPos Y="6248"/>
        <UsageCount Value="10"/>
      </Unit126>
      <Unit127>
        <Filename Value="..\..\..\..\..\usr\lib\lazarus\1.8.2\lcl\widgetset\wscontrols.pp"/>
        <UnitName Value="WSControls"/>
        <EditorIndex Value="-1"/>
        <TopLine Value="449"/>
        <CursorPos Y="497"/>
        <UsageCount Value="10"/>
      </Unit127>
      <Unit128>
        <Filename Value="..\..\..\..\..\usr\lib\lazarus\1.8.2\lcl\interfaces\gtk2\gtk2wsfactory.pas"/>
        <UnitName Value="Gtk2WSFactory"/>
        <EditorIndex Value="-1"/>
        <TopLine Value="144"/>
        <CursorPos Y="171"/>
        <UsageCount Value="10"/>
      </Unit128>
      <Unit129>
        <Filename Value="..\..\..\..\..\usr\share\fpcsrc\3.0.4\packages\hash\src\md5.pp"/>
        <EditorIndex Value="3"/>
        <TopLine Value="114"/>
        <CursorPos X="20" Y="151"/>
        <UsageCount Value="10"/>
        <Loaded Value="True"/>
      </Unit129>
    </Units>
    <JumpHistory Count="23" HistoryIndex="22">
      <Position1>
        <Filename Value="TpX.lpr"/>
        <Caret Line="33"/>
      </Position1>
      <Position2>
        <Filename Value="Drawings.pas"/>
        <Caret Line="689" Column="29" TopLine="674"/>
      </Position2>
      <Position3>
        <Filename Value="Drawings.pas"/>
        <Caret Line="2226" Column="18" TopLine="2195"/>
      </Position3>
      <Position4>
        <Filename Value="Drawings.pas"/>
        <Caret Line="3" Column="21"/>
      </Position4>
      <Position5>
        <Filename Value="Drawings.pas"/>
        <Caret Line="10" Column="15"/>
      </Position5>
      <Position6>
        <Filename Value="Drawings.pas"/>
        <Caret Line="2226" Column="18" TopLine="2192"/>
      </Position6>
      <Position7>
        <Filename Value="Drawings.pas"/>
        <Caret Line="2594" Column="19" TopLine="2581"/>
      </Position7>
      <Position8>
        <Filename Value="Drawings.pas"/>
        <Caret Line="2609" Column="20" TopLine="2581"/>
      </Position8>
      <Position9>
        <Filename Value="Drawings.pas"/>
        <Caret Line="2617" Column="24" TopLine="2581"/>
      </Position9>
      <Position10>
        <Filename Value="Drawings.pas"/>
        <Caret Line="5065" Column="25" TopLine="5022"/>
      </Position10>
      <Position11>
        <Filename Value="Drawings.pas"/>
        <Caret Line="5083" Column="27" TopLine="5040"/>
      </Position11>
      <Position12>
        <Filename Value="Drawings.pas"/>
        <Caret Line="2527" Column="20" TopLine="2524"/>
      </Position12>
      <Position13>
        <Filename Value="Options0.pas"/>
        <Caret Line="96" Column="15" TopLine="76"/>
      </Position13>
      <Position14>
        <Filename Value="Drawings.pas"/>
        <Caret Line="2226" Column="27" TopLine="2214"/>
      </Position14>
      <Position15>
        <Filename Value="Drawings.pas"/>
        <Caret Line="10" Column="14" TopLine="31"/>
      </Position15>
      <Position16>
        <Filename Value="Drawings.pas"/>
        <Caret Line="88" Column="39" TopLine="45"/>
      </Position16>
      <Position17>
        <Filename Value="Drawings.pas"/>
        <Caret Line="91" Column="42" TopLine="48"/>
      </Position17>
      <Position18>
        <Filename Value="Drawings.pas"/>
        <Caret Line="8" Column="61"/>
      </Position18>
      <Position19>
        <Filename Value="Drawings.pas"/>
        <Caret Line="10" Column="15"/>
      </Position19>
      <Position20>
        <Filename Value="Drawings.pas"/>
        <Caret Line="2226" Column="25" TopLine="2201"/>
      </Position20>
      <Position21>
        <Filename Value="Options0.pas"/>
        <Caret Line="96" Column="16" TopLine="67"/>
      </Position21>
      <Position22>
        <Filename Value="..\..\..\..\..\usr\share\fpcsrc\3.0.4\packages\hash\src\md5.pp"/>
        <Caret Line="78" Column="32" TopLine="67"/>
      </Position22>
      <Position23>
        <Filename Value="Drawings.pas"/>
        <Caret Line="2604" Column="40" TopLine="2579"/>
      </Position23>
    </JumpHistory>
  </ProjectOptions>
  <CompilerOptions>
    <Version Value="11"/>
    <PathDelim Value="\"/>
    <SearchPaths>
      <IncludeFiles Value="Lib\PowerPdf"/>
      <OtherUnitFiles Value="Lib\PowerPdf;Lib\md5;Lib\XML;Lib\Graphics32"/>
      <UnitOutputDirectory Value="_tmp"/>
    </SearchPaths>
    <Parsing>
      <SyntaxOptions>
        <SyntaxMode Value="Delphi"/>
      </SyntaxOptions>
    </Parsing>
    <CodeGeneration>
      <TargetOS Value="linux"/>
      <SmallerCode Value="True"/>
    </CodeGeneration>
    <Linking>
      <Debugging>
        <StripSymbols Value="True"/>
      </Debugging>
      <Options>
        <Win32>
          <GraphicApplication Value="True"/>
        </Win32>
      </Options>
    </Linking>
  </CompilerOptions>
  <Debugging>
    <BreakPoints Count="3">
      <Item1>
        <Kind Value="bpkSource"/>
        <WatchScope Value="wpsGlobal"/>
        <WatchKind Value="wpkWrite"/>
        <Source Value="Lib\XML\XUtils.pas"/>
        <Line Value="395"/>
      </Item1>
      <Item2>
        <Kind Value="bpkSource"/>
        <WatchScope Value="wpsGlobal"/>
        <WatchKind Value="wpkWrite"/>
        <Source Value="MainUnit.pas"/>
        <Line Value="1404"/>
      </Item2>
      <Item3>
        <Kind Value="bpkSource"/>
        <WatchScope Value="wpsGlobal"/>
        <WatchKind Value="wpkWrite"/>
        <Source Value="CADSys4.pas"/>
        <Line Value="6156"/>
      </Item3>
    </BreakPoints>
    <Exceptions Count="2">
      <Item1>
        <Name Value="ECodetoolError"/>
      </Item1>
      <Item2>
        <Name Value="EFOpenError"/>
      </Item2>
    </Exceptions>
  </Debugging>
</CONFIG>
