<?xml version="1.0" encoding="UTF-8"?>
<CONFIG>
  <ProjectOptions>
    <Version Value="11"/>
    <General>
      <Flags>
        <MainUnitHasUsesSectionForAllUnits Value="False"/>
        <MainUnitHasCreateFormStatements Value="False"/>
        <MainUnitHasTitleStatement Value="False"/>
        <MainUnitHasScaledStatement Value="False"/>
      </Flags>
      <SessionStorage Value="InProjectDir"/>
      <MainUnit Value="0"/>
      <Title Value="TpX"/>
      <ResourceType Value="res"/>
    </General>
    <BuildModes Count="1">
      <Item1 Name="Default" Default="True"/>
    </BuildModes>
    <PublishOptions>
      <Version Value="2"/>
    </PublishOptions>
    <RunParams>
      <FormatVersion Value="2"/>
      <Modes Count="1">
        <Mode0 Name="default"/>
      </Modes>
    </RunParams>
    <RequiredPackages Count="2">
      <Item1>
        <PackageName Value="Printer4Lazarus"/>
      </Item1>
      <Item2>
        <PackageName Value="LCL"/>
      </Item2>
    </RequiredPackages>
    <Units Count="54">
      <Unit0>
        <Filename Value="TpX.lpr"/>
        <IsPartOfProject Value="True"/>
      </Unit0>
      <Unit1>
        <Filename Value="src/Settings0.pas"/>
        <IsPartOfProject Value="True"/>
      </Unit1>
      <Unit2>
        <Filename Value="src/MainUnit.pas"/>
        <IsPartOfProject Value="True"/>
        <ComponentName Value="MainForm"/>
        <HasResources Value="True"/>
        <ResourceBaseClass Value="Form"/>
      </Unit2>
      <Unit3>
        <Filename Value="src/Output.pas"/>
        <IsPartOfProject Value="True"/>
      </Unit3>
      <Unit4>
        <Filename Value="src/MprtEMF.pas"/>
        <IsPartOfProject Value="True"/>
      </Unit4>
      <Unit5>
        <Filename Value="src/EMF_Add.pas"/>
        <IsPartOfProject Value="True"/>
      </Unit5>
      <Unit6>
        <Filename Value="src/Propert.pas"/>
        <IsPartOfProject Value="True"/>
        <HasResources Value="True"/>
      </Unit6>
      <Unit7>
        <Filename Value="src/Options0.pas"/>
        <IsPartOfProject Value="True"/>
      </Unit7>
      <Unit8>
        <Filename Value="src/GObjects.pas"/>
        <IsPartOfProject Value="True"/>
      </Unit8>
      <Unit9>
        <Filename Value="src/Drawings.pas"/>
        <IsPartOfProject Value="True"/>
      </Unit9>
      <Unit10>
        <Filename Value="src/Options.pas"/>
        <IsPartOfProject Value="True"/>
        <HasResources Value="True"/>
      </Unit10>
      <Unit11>
        <Filename Value="src/AboutUnit.pas"/>
        <IsPartOfProject Value="True"/>
        <HasResources Value="True"/>
      </Unit11>
      <Unit12>
        <Filename Value="src/TransForm.pas"/>
        <IsPartOfProject Value="True"/>
        <HasResources Value="True"/>
      </Unit12>
      <Unit13>
        <Filename Value="src/ColorEtc.pas"/>
        <IsPartOfProject Value="True"/>
      </Unit13>
      <Unit14>
        <Filename Value="src/Preview.pas"/>
        <IsPartOfProject Value="True"/>
      </Unit14>
      <Unit15>
        <Filename Value="src/lib/PowerPdf/PdfFonts.pas"/>
        <IsPartOfProject Value="True"/>
      </Unit15>
      <Unit16>
        <Filename Value="src/Table.pas"/>
        <IsPartOfProject Value="True"/>
        <HasResources Value="True"/>
      </Unit16>
      <Unit17>
        <Filename Value="src/EMF_Unit.pas"/>
        <IsPartOfProject Value="True"/>
        <HasResources Value="True"/>
      </Unit17>
      <Unit18>
        <Filename Value="src/Geometry.pas"/>
        <IsPartOfProject Value="True"/>
      </Unit18>
      <Unit19>
        <Filename Value="src/PrintEpsOpt.pas"/>
        <IsPartOfProject Value="True"/>
        <HasResources Value="True"/>
      </Unit19>
      <Unit20>
        <Filename Value="src/ScaleStandardUnit.pas"/>
        <IsPartOfProject Value="True"/>
        <HasResources Value="True"/>
      </Unit20>
      <Unit21>
        <Filename Value="src/DevCanvas.pas"/>
        <IsPartOfProject Value="True"/>
      </Unit21>
      <Unit22>
        <Filename Value="src/Input.pas"/>
        <IsPartOfProject Value="True"/>
      </Unit22>
      <Unit23>
        <Filename Value="src/ClpbrdOp.pas"/>
        <IsPartOfProject Value="True"/>
      </Unit23>
      <Unit24>
        <Filename Value="src/WinBasic.pas"/>
        <IsPartOfProject Value="True"/>
      </Unit24>
      <Unit25>
        <Filename Value="src/SysBasic.pas"/>
        <IsPartOfProject Value="True"/>
      </Unit25>
      <Unit26>
        <Filename Value="src/Gr32Add.pas"/>
        <IsPartOfProject Value="True"/>
      </Unit26>
      <Unit27>
        <Filename Value="src/MiscUtils.pas"/>
        <IsPartOfProject Value="True"/>
      </Unit27>
      <Unit28>
        <Filename Value="src/PrimSAX.pas"/>
        <IsPartOfProject Value="True"/>
      </Unit28>
      <Unit29>
        <Filename Value="src/Numeric.pas"/>
        <IsPartOfProject Value="True"/>
      </Unit29>
      <Unit30>
        <Filename Value="src/Manage.pas"/>
        <IsPartOfProject Value="True"/>
      </Unit30>
      <Unit31>
        <Filename Value="src/Modes.pas"/>
        <IsPartOfProject Value="True"/>
      </Unit31>
      <Unit32>
        <Filename Value="src/ViewPort.pas"/>
        <IsPartOfProject Value="True"/>
      </Unit32>
      <Unit33>
        <Filename Value="src/Pieces.pas"/>
        <IsPartOfProject Value="True"/>
      </Unit33>
      <Unit34>
        <Filename Value="src/Devices.pas"/>
        <IsPartOfProject Value="True"/>
      </Unit34>
      <Unit35>
        <Filename Value="src/XmlOut.pas"/>
        <IsPartOfProject Value="True"/>
      </Unit35>
      <Unit36>
        <Filename Value="src/DevSVG.pas"/>
        <IsPartOfProject Value="True"/>
      </Unit36>
      <Unit37>
        <Filename Value="src/DevTikZ.pas"/>
        <IsPartOfProject Value="True"/>
      </Unit37>
      <Unit38>
        <Filename Value="src/DevPGF.pas"/>
        <IsPartOfProject Value="True"/>
      </Unit38>
      <Unit39>
        <Filename Value="src/DevTeXPc.pas"/>
        <IsPartOfProject Value="True"/>
      </Unit39>
      <Unit40>
        <Filename Value="src/TpXSaver.pas"/>
        <IsPartOfProject Value="True"/>
      </Unit40>
      <Unit41>
        <Filename Value="src/DevPS.pas"/>
        <IsPartOfProject Value="True"/>
      </Unit41>
      <Unit42>
        <Filename Value="src/DevPDF.pas"/>
        <IsPartOfProject Value="True"/>
      </Unit42>
      <Unit43>
        <Filename Value="src/DevPSTr.pas"/>
        <IsPartOfProject Value="True"/>
      </Unit43>
      <Unit44>
        <Filename Value="src/DevMP.pas"/>
        <IsPartOfProject Value="True"/>
      </Unit44>
      <Unit45>
        <Filename Value="src/DevGr32.pas"/>
        <IsPartOfProject Value="True"/>
      </Unit45>
      <Unit46>
        <Filename Value="src/MprtSVG.pas"/>
        <IsPartOfProject Value="True"/>
      </Unit46>
      <Unit47>
        <Filename Value="src/Modify.pas"/>
        <IsPartOfProject Value="True"/>
      </Unit47>
      <Unit48>
        <Filename Value="src/GObjBase.pas"/>
        <IsPartOfProject Value="True"/>
      </Unit48>
      <Unit49>
        <Filename Value="src/Bitmaps.pas"/>
        <IsPartOfProject Value="True"/>
      </Unit49>
      <Unit50>
        <Filename Value="src/InfoForm.pas"/>
        <IsPartOfProject Value="True"/>
        <HasResources Value="True"/>
      </Unit50>
      <Unit51>
        <Filename Value="src/lib/XML/XUtils.pas"/>
        <IsPartOfProject Value="True"/>
      </Unit51>
      <Unit52>
        <Filename Value="src/lib/XML/XXmlDom.pas"/>
        <IsPartOfProject Value="True"/>
      </Unit52>
      <Unit53>
        <Filename Value="misc/notes.txt"/>
        <IsPartOfProject Value="True"/>
      </Unit53>
    </Units>
  </ProjectOptions>
  <CompilerOptions>
    <Version Value="11"/>
    <SearchPaths>
      <IncludeFiles Value="src/lib/PowerPdf;src/lib/XML;$(ProjOutDir)"/>
      <OtherUnitFiles Value="src/lib/PowerPdf;src/lib/XML"/>
      <UnitOutputDirectory Value="obj/$(TargetCPU)-$(TargetOS)"/>
    </SearchPaths>
    <Parsing>
      <SyntaxOptions>
        <SyntaxMode Value="Delphi"/>
      </SyntaxOptions>
    </Parsing>
    <Linking>
      <Debugging>
        <DebugInfoType Value="dsDwarf2Set"/>
      </Debugging>
      <Options>
        <Win32>
          <GraphicApplication Value="True"/>
        </Win32>
      </Options>
    </Linking>
    <Other>
      <CustomOptions Value="-dBorland -dVer150 -dDelphi7 -dCompiler6_Up -dPUREPASCAL"/>
    </Other>
  </CompilerOptions>
  <Debugging>
    <Exceptions Count="3">
      <Item1>
        <Name Value="EAbort"/>
      </Item1>
      <Item2>
        <Name Value="ECodetoolError"/>
      </Item2>
      <Item3>
        <Name Value="EFOpenError"/>
      </Item3>
    </Exceptions>
  </Debugging>
</CONFIG>
